
Microsoft Visual Studio Solution File, Format Version 12.00
# Visual Studio Version 17
VisualStudioVersion = 17.14.36203.30 d17.14
MinimumVisualStudioVersion = 10.0.40219.1
Project("{FAE04EC0-301F-11D3-BF4B-00C04F79EFBC}") = "SihaControlSystem", "SihaControlSystem\SihaControlSystem.csproj", "{4C472A8E-520A-4052-A861-C3B44D19C447}"
EndProject
Global
	GlobalSection(SolutionConfigurationPlatforms) = preSolution
		Debug|Any CPU = Debug|Any CPU
		Release|Any CPU = Release|Any CPU
	EndGlobalSection
	GlobalSection(ProjectConfigurationPlatforms) = postSolution
		{4C472A8E-520A-4052-A861-C3B44D19C447}.Debug|Any CPU.ActiveCfg = Debug|Any CPU
		{4C472A8E-520A-4052-A861-C3B44D19C447}.Debug|Any CPU.Build.0 = Debug|Any CPU
		{4C472A8E-520A-4052-A861-C3B44D19C447}.Release|Any CPU.ActiveCfg = Release|Any CPU
		{4C472A8E-520A-4052-A861-C3B44D19C447}.Release|Any CPU.Build.0 = Release|Any CPU
	EndGlobalSection
	GlobalSection(SolutionProperties) = preSolution
		HideSolutionNode = FALSE
	EndGlobalSection
	GlobalSection(ExtensibilityGlobals) = postSolution
		SolutionGuid = {D5073CC7-EC87-4EC6-A0CC-5DEC40152E60}
	EndGlobalSection
EndGlobal
